
Microsoft Visual Studio Solution File, Format Version 12.00
# Visual Studio Version 16
VisualStudioVersion = 25.0.1704.3
MinimumVisualStudioVersion = 10.0.40219.1
Project("{FAE04EC0-301F-11D3-BF4B-00C04F79EFBC}") = "Strathweb.Samples.BlazorCSharpInteractive", "Strathweb.Samples.BlazorCSharpInteractive.csproj", "{08C4F5A1-02EE-4D26-B4F0-108494AAEDD0}"
EndProject
Global
	GlobalSection(SolutionConfigurationPlatforms) = preSolution
		Debug|Any CPU = Debug|Any CPU
		Release|Any CPU = Release|Any CPU
	EndGlobalSection
	GlobalSection(ProjectConfigurationPlatforms) = postSolution
		{08C4F5A1-02EE-4D26-B4F0-108494AAEDD0}.Debug|Any CPU.ActiveCfg = Debug|Any CPU
		{08C4F5A1-02EE-4D26-B4F0-108494AAEDD0}.Debug|Any CPU.Build.0 = Debug|Any CPU
		{08C4F5A1-02EE-4D26-B4F0-108494AAEDD0}.Release|Any CPU.ActiveCfg = Release|Any CPU
		{08C4F5A1-02EE-4D26-B4F0-108494AAEDD0}.Release|Any CPU.Build.0 = Release|Any CPU
	EndGlobalSection
	GlobalSection(SolutionProperties) = preSolution
		HideSolutionNode = FALSE
	EndGlobalSection
	GlobalSection(ExtensibilityGlobals) = postSolution
		SolutionGuid = {26C0B6E6-8F93-4FBE-9F0D-05F0C922E4A7}
	EndGlobalSection
EndGlobal
